
Microsoft Visual Studio Solution File, Format Version 12.00
# Visual Studio 14
VisualStudioVersion = 14.0.25123.0
MinimumVisualStudioVersion = 10.0.40219.1
Project("{FAE04EC0-301F-11D3-BF4B-00C04F79EFBC}") = "Tote.Web", "Tote\Tote.Web.csproj", "{B2D5D8A5-D520-4333-9FBB-A29EE91C234E}"
EndProject
Project("{FAE04EC0-301F-11D3-BF4B-00C04F79EFBC}") = "ToteBiz.Business", "ToteBiz.Business\ToteBiz.Business.csproj", "{C4777CCE-BD39-42D9-918D-D08AB3E288F0}"
EndProject
Project("{FAE04EC0-301F-11D3-BF4B-00C04F79EFBC}") = "Data", "Data\Data.csproj", "{DBAC81E9-A6FC-453E-AC33-108155D4E6EB}"
EndProject
Project("{FAE04EC0-301F-11D3-BF4B-00C04F79EFBC}") = "Common", "Common\Common.csproj", "{EF4F7F04-9811-4980-BF9E-598BA446E881}"
EndProject
Project("{FAE04EC0-301F-11D3-BF4B-00C04F79EFBC}") = "Dependencies", "Dependencies\Dependencies.csproj", "{9C1173FA-0D81-409A-9618-2A485FFCAC3E}"
EndProject
Project("{FAE04EC0-301F-11D3-BF4B-00C04F79EFBC}") = "Service", "Service\Service.csproj", "{7BE2446F-F97F-46B8-A259-D5EC53D2D62A}"
EndProject
Project("{FAE04EC0-301F-11D3-BF4B-00C04F79EFBC}") = "Service.Contracts", "Service.Contracts\Service.Contracts.csproj", "{73C9FA3A-3947-4775-85A1-9194D5BC0AAB}"
EndProject
Global
	GlobalSection(SolutionConfigurationPlatforms) = preSolution
		Debug|Any CPU = Debug|Any CPU
		Release|Any CPU = Release|Any CPU
	EndGlobalSection
	GlobalSection(ProjectConfigurationPlatforms) = postSolution
		{B2D5D8A5-D520-4333-9FBB-A29EE91C234E}.Debug|Any CPU.ActiveCfg = Debug|Any CPU
		{B2D5D8A5-D520-4333-9FBB-A29EE91C234E}.Debug|Any CPU.Build.0 = Debug|Any CPU
		{B2D5D8A5-D520-4333-9FBB-A29EE91C234E}.Release|Any CPU.ActiveCfg = Release|Any CPU
		{B2D5D8A5-D520-4333-9FBB-A29EE91C234E}.Release|Any CPU.Build.0 = Release|Any CPU
		{C4777CCE-BD39-42D9-918D-D08AB3E288F0}.Debug|Any CPU.ActiveCfg = Debug|Any CPU
		{C4777CCE-BD39-42D9-918D-D08AB3E288F0}.Debug|Any CPU.Build.0 = Debug|Any CPU
		{C4777CCE-BD39-42D9-918D-D08AB3E288F0}.Release|Any CPU.ActiveCfg = Release|Any CPU
		{C4777CCE-BD39-42D9-918D-D08AB3E288F0}.Release|Any CPU.Build.0 = Release|Any CPU
		{DBAC81E9-A6FC-453E-AC33-108155D4E6EB}.Debug|Any CPU.ActiveCfg = Debug|Any CPU
		{DBAC81E9-A6FC-453E-AC33-108155D4E6EB}.Debug|Any CPU.Build.0 = Debug|Any CPU
		{DBAC81E9-A6FC-453E-AC33-108155D4E6EB}.Release|Any CPU.ActiveCfg = Release|Any CPU
		{DBAC81E9-A6FC-453E-AC33-108155D4E6EB}.Release|Any CPU.Build.0 = Release|Any CPU
		{EF4F7F04-9811-4980-BF9E-598BA446E881}.Debug|Any CPU.ActiveCfg = Debug|Any CPU
		{EF4F7F04-9811-4980-BF9E-598BA446E881}.Debug|Any CPU.Build.0 = Debug|Any CPU
		{EF4F7F04-9811-4980-BF9E-598BA446E881}.Release|Any CPU.ActiveCfg = Release|Any CPU
		{EF4F7F04-9811-4980-BF9E-598BA446E881}.Release|Any CPU.Build.0 = Release|Any CPU
		{9C1173FA-0D81-409A-9618-2A485FFCAC3E}.Debug|Any CPU.ActiveCfg = Debug|Any CPU
		{9C1173FA-0D81-409A-9618-2A485FFCAC3E}.Debug|Any CPU.Build.0 = Debug|Any CPU
		{9C1173FA-0D81-409A-9618-2A485FFCAC3E}.Release|Any CPU.ActiveCfg = Release|Any CPU
		{9C1173FA-0D81-409A-9618-2A485FFCAC3E}.Release|Any CPU.Build.0 = Release|Any CPU
		{7BE2446F-F97F-46B8-A259-D5EC53D2D62A}.Debug|Any CPU.ActiveCfg = Debug|Any CPU
		{7BE2446F-F97F-46B8-A259-D5EC53D2D62A}.Debug|Any CPU.Build.0 = Debug|Any CPU
		{7BE2446F-F97F-46B8-A259-D5EC53D2D62A}.Release|Any CPU.ActiveCfg = Release|Any CPU
		{7BE2446F-F97F-46B8-A259-D5EC53D2D62A}.Release|Any CPU.Build.0 = Release|Any CPU
		{73C9FA3A-3947-4775-85A1-9194D5BC0AAB}.Debug|Any CPU.ActiveCfg = Debug|Any CPU
		{73C9FA3A-3947-4775-85A1-9194D5BC0AAB}.Debug|Any CPU.Build.0 = Debug|Any CPU
		{73C9FA3A-3947-4775-85A1-9194D5BC0AAB}.Release|Any CPU.ActiveCfg = Release|Any CPU
		{73C9FA3A-3947-4775-85A1-9194D5BC0AAB}.Release|Any CPU.Build.0 = Release|Any CPU
	EndGlobalSection
	GlobalSection(SolutionProperties) = preSolution
		HideSolutionNode = FALSE
	EndGlobalSection
EndGlobal
